
Microsoft Visual Studio Solution File, Format Version 12.00
# Visual Studio Version 17
VisualStudioVersion = 17.14.37012.4 d17.14
MinimumVisualStudioVersion = 10.0.40219.1
Project("{FAE04EC0-301F-11D3-BF4B-00C04F79EFBC}") = "ServiciosBancariosWCF", "ServiciosBancariosWCF\ServiciosBancariosWCF.csproj", "{9F180578-73CA-4425-895F-2EC2AAA59A9E}"
EndProject
Project("{FAE04EC0-301F-11D3-BF4B-00C04F79EFBC}") = "SimuladorCliente", "SimuladorCliente\SimuladorCliente.csproj", "{C06FAD97-55C2-4C1F-897F-064E7DF0F57D}"
	ProjectSection(ProjectDependencies) = postProject
		{9F180578-73CA-4425-895F-2EC2AAA59A9E} = {9F180578-73CA-4425-895F-2EC2AAA59A9E}
	EndProjectSection
EndProject
Global
	GlobalSection(SolutionConfigurationPlatforms) = preSolution
		Debug|Any CPU = Debug|Any CPU
		Release|Any CPU = Release|Any CPU
	EndGlobalSection
	GlobalSection(ProjectConfigurationPlatforms) = postSolution
		{9F180578-73CA-4425-895F-2EC2AAA59A9E}.Debug|Any CPU.ActiveCfg = Debug|Any CPU
		{9F180578-73CA-4425-895F-2EC2AAA59A9E}.Debug|Any CPU.Build.0 = Debug|Any CPU
		{9F180578-73CA-4425-895F-2EC2AAA59A9E}.Release|Any CPU.ActiveCfg = Release|Any CPU
		{9F180578-73CA-4425-895F-2EC2AAA59A9E}.Release|Any CPU.Build.0 = Release|Any CPU
		{C06FAD97-55C2-4C1F-897F-064E7DF0F57D}.Debug|Any CPU.ActiveCfg = Debug|Any CPU
		{C06FAD97-55C2-4C1F-897F-064E7DF0F57D}.Debug|Any CPU.Build.0 = Debug|Any CPU
		{C06FAD97-55C2-4C1F-897F-064E7DF0F57D}.Release|Any CPU.ActiveCfg = Release|Any CPU
		{C06FAD97-55C2-4C1F-897F-064E7DF0F57D}.Release|Any CPU.Build.0 = Release|Any CPU
	EndGlobalSection
	GlobalSection(SolutionProperties) = preSolution
		HideSolutionNode = FALSE
	EndGlobalSection
	GlobalSection(ExtensibilityGlobals) = postSolution
		SolutionGuid = {4AF517C8-1056-4CBA-BFF2-7E3CBA8450F4}
	EndGlobalSection
EndGlobal
